{
  "name": "code",
  "version": "1.0.0",
  "lockfileVersion": 1,
  "requires": true,
  "dependencies": {
    "css-houdini-squircle": {
      "version": "0.1.5",
      "resolved": "https://registry.npmjs.org/css-houdini-squircle/-/css-houdini-squircle-0.1.5.tgz",
      "integrity": "sha512-NZtJzIxbPuYkheGUnvo327D7mM5H3R2NcgpcwVYAGwCI7PRSl0FwUCsxS8pWusgTb9X5ffiGbHh8rk9K1XsvyQ=="
    },
    "modern-normalize": {
      "version": "1.1.0",
      "resolved": "https://registry.npmjs.org/modern-normalize/-/modern-normalize-1.1.0.tgz",
      "integrity": "sha512-2lMlY1Yc1+CUy0gw4H95uNN7vjbpoED7NNRSBHE25nWfLBdmMzFCsPshlzbxHz+gYMcBEUN8V4pU16prcdPSgA=="
    }
  }
}
